
Microsoft Visual Studio Solution File, Format Version 11.00
# Visual Studio 2010
Project("{FAE04EC0-301F-11D3-BF4B-00C04F79EFBC}") = "Agility.Common", "Agility.Common\Agility.Common.csproj", "{8E9B8AAB-3796-46DA-B030-72952AAD7F8F}"
EndProject
Project("{FAE04EC0-301F-11D3-BF4B-00C04F79EFBC}") = "Agility.Common.Tests", "Agility.Common.Tests\Agility.Common.Tests.csproj", "{1777E80E-69D6-446A-B079-F89DA9FD84BE}"
EndProject
Global
	GlobalSection(SolutionConfigurationPlatforms) = preSolution
		Debug|Any CPU = Debug|Any CPU
		Release|Any CPU = Release|Any CPU
	EndGlobalSection
	GlobalSection(ProjectConfigurationPlatforms) = postSolution
		{8E9B8AAB-3796-46DA-B030-72952AAD7F8F}.Debug|Any CPU.ActiveCfg = Debug|Any CPU
		{8E9B8AAB-3796-46DA-B030-72952AAD7F8F}.Debug|Any CPU.Build.0 = Debug|Any CPU
		{8E9B8AAB-3796-46DA-B030-72952AAD7F8F}.Release|Any CPU.ActiveCfg = Release|Any CPU
		{8E9B8AAB-3796-46DA-B030-72952AAD7F8F}.Release|Any CPU.Build.0 = Release|Any CPU
		{1777E80E-69D6-446A-B079-F89DA9FD84BE}.Debug|Any CPU.ActiveCfg = Debug|Any CPU
		{1777E80E-69D6-446A-B079-F89DA9FD84BE}.Debug|Any CPU.Build.0 = Debug|Any CPU
		{1777E80E-69D6-446A-B079-F89DA9FD84BE}.Release|Any CPU.ActiveCfg = Release|Any CPU
		{1777E80E-69D6-446A-B079-F89DA9FD84BE}.Release|Any CPU.Build.0 = Release|Any CPU
	EndGlobalSection
	GlobalSection(SolutionProperties) = preSolution
		HideSolutionNode = FALSE
	EndGlobalSection
EndGlobal
